// !$*UTF8*$!
{
	archiveVersion = 1;
	classes = {
	};
	objectVersion = 46;
	objects = {

/* Begin PBXBuildFile section */
		464F9B141EB70E4000C3DA70 /* User.swift in Sources */ = {isa = PBXBuildFile; fileRef = 464F9B131EB70E4000C3DA70 /* User.swift */; };
		464F9B161EB70E8900C3DA70 /* Issue.swift in Sources */ = {isa = PBXBuildFile; fileRef = 464F9B151EB70E8900C3DA70 /* Issue.swift */; };
		464F9B181EB70EAD00C3DA70 /* Organization.swift in Sources */ = {isa = PBXBuildFile; fileRef = 464F9B171EB70EAD00C3DA70 /* Organization.swift */; };
		464F9B1A1EB70F0700C3DA70 /* PaymentInfo.swift in Sources */ = {isa = PBXBuildFile; fileRef = 464F9B191EB70F0700C3DA70 /* PaymentInfo.swift */; };
		464F9B1E1EB7119F00C3DA70 /* DonaidParse.swift in Sources */ = {isa = PBXBuildFile; fileRef = 464F9B1D1EB7119F00C3DA70 /* DonaidParse.swift */; };
		464F9B241EB7186B00C3DA70 /* FTUPhoneNumberViewController.swift in Sources */ = {isa = PBXBuildFile; fileRef = 464F9B231EB7186B00C3DA70 /* FTUPhoneNumberViewController.swift */; };
		464F9B261EB7189C00C3DA70 /* FTUVerificationcodeViewController.swift in Sources */ = {isa = PBXBuildFile; fileRef = 464F9B251EB7189C00C3DA70 /* FTUVerificationcodeViewController.swift */; };
		464F9B281EB718B000C3DA70 /* FTUFirstNameViewController.swift in Sources */ = {isa = PBXBuildFile; fileRef = 464F9B271EB718B000C3DA70 /* FTUFirstNameViewController.swift */; };
		67398F931EB6AC490046B5A6 /* SearchViewController.swift in Sources */ = {isa = PBXBuildFile; fileRef = 67398F921EB6AC490046B5A6 /* SearchViewController.swift */; };
		67398F951EB6AD7B0046B5A6 /* HomeViewController.swift in Sources */ = {isa = PBXBuildFile; fileRef = 67398F941EB6AD7B0046B5A6 /* HomeViewController.swift */; };
		67398F971EB6E64F0046B5A6 /* EventCell.swift in Sources */ = {isa = PBXBuildFile; fileRef = 67398F961EB6E64F0046B5A6 /* EventCell.swift */; };
		67398F991EB6EBD80046B5A6 /* HamburgerViewController.swift in Sources */ = {isa = PBXBuildFile; fileRef = 67398F981EB6EBD80046B5A6 /* HamburgerViewController.swift */; };
		67E030F31EC3F8BF005DA303 /* FTUViewController.swift in Sources */ = {isa = PBXBuildFile; fileRef = 67E030F21EC3F8BF005DA303 /* FTUViewController.swift */; };
		67E030F51EC3F8F8005DA303 /* HDXApplication.swift in Sources */ = {isa = PBXBuildFile; fileRef = 67E030F41EC3F8F8005DA303 /* HDXApplication.swift */; };
		67E030F71EC3F916005DA303 /* HDXClient.swift in Sources */ = {isa = PBXBuildFile; fileRef = 67E030F61EC3F916005DA303 /* HDXClient.swift */; };
		67E030F91EC3F921005DA303 /* HDXProject.swift in Sources */ = {isa = PBXBuildFile; fileRef = 67E030F81EC3F921005DA303 /* HDXProject.swift */; };
		67E4A53A1EC8B98B001282DA /* ProjectCell.swift in Sources */ = {isa = PBXBuildFile; fileRef = 67E4A5391EC8B98B001282DA /* ProjectCell.swift */; };
		A64D11BF5DA6D66F4013FD19 /* Pods_Donaid.framework in Frameworks */ = {isa = PBXBuildFile; fileRef = 6B11DC37F04DBBD40ECA4FA3 /* Pods_Donaid.framework */; };
		CF16C3DE1EAEF85200AAECD7 /* AppDelegate.swift in Sources */ = {isa = PBXBuildFile; fileRef = CF16C3DD1EAEF85200AAECD7 /* AppDelegate.swift */; };
		CF16C3E31EAEF85200AAECD7 /* Main.storyboard in Resources */ = {isa = PBXBuildFile; fileRef = CF16C3E11EAEF85200AAECD7 /* Main.storyboard */; };
		CF16C3E51EAEF85200AAECD7 /* Assets.xcassets in Resources */ = {isa = PBXBuildFile; fileRef = CF16C3E41EAEF85200AAECD7 /* Assets.xcassets */; };
		CF16C3E81EAEF85200AAECD7 /* LaunchScreen.storyboard in Resources */ = {isa = PBXBuildFile; fileRef = CF16C3E61EAEF85200AAECD7 /* LaunchScreen.storyboard */; };
		CFAEEE341EB68AD700CA7AD2 /* FTUCardNumberViewController.swift in Sources */ = {isa = PBXBuildFile; fileRef = CFAEEE331EB68AD700CA7AD2 /* FTUCardNumberViewController.swift */; };
		CFAEEE361EB68B0100CA7AD2 /* FTUCardDetailsViewController.swift in Sources */ = {isa = PBXBuildFile; fileRef = CFAEEE351EB68B0100CA7AD2 /* FTUCardDetailsViewController.swift */; };
		CFAEEE381EB68B2A00CA7AD2 /* FTUDonaidTagViewController.swift in Sources */ = {isa = PBXBuildFile; fileRef = CFAEEE371EB68B2A00CA7AD2 /* FTUDonaidTagViewController.swift */; };
		CFB0A1731EC428BA0048A75A /* PaymentViewController.swift in Sources */ = {isa = PBXBuildFile; fileRef = CFB0A1721EC428BA0048A75A /* PaymentViewController.swift */; };
/* End PBXBuildFile section */

/* Begin PBXFileReference section */
		09CEB9FACAA8141452FE3678 /* Pods-Donaid.release.xcconfig */ = {isa = PBXFileReference; includeInIndex = 1; lastKnownFileType = text.xcconfig; name = "Pods-Donaid.release.xcconfig"; path = "Pods/Target Support Files/Pods-Donaid/Pods-Donaid.release.xcconfig"; sourceTree = "<group>"; };
		464F9B131EB70E4000C3DA70 /* User.swift */ = {isa = PBXFileReference; fileEncoding = 4; lastKnownFileType = sourcecode.swift; path = User.swift; sourceTree = "<group>"; };
		464F9B151EB70E8900C3DA70 /* Issue.swift */ = {isa = PBXFileReference; fileEncoding = 4; lastKnownFileType = sourcecode.swift; path = Issue.swift; sourceTree = "<group>"; };
		464F9B171EB70EAD00C3DA70 /* Organization.swift */ = {isa = PBXFileReference; fileEncoding = 4; lastKnownFileType = sourcecode.swift; path = Organization.swift; sourceTree = "<group>"; };
		464F9B191EB70F0700C3DA70 /* PaymentInfo.swift */ = {isa = PBXFileReference; fileEncoding = 4; lastKnownFileType = sourcecode.swift; path = PaymentInfo.swift; sourceTree = "<group>"; };
		464F9B1D1EB7119F00C3DA70 /* DonaidParse.swift */ = {isa = PBXFileReference; fileEncoding = 4; lastKnownFileType = sourcecode.swift; path = DonaidParse.swift; sourceTree = "<group>"; };
		464F9B231EB7186B00C3DA70 /* FTUPhoneNumberViewController.swift */ = {isa = PBXFileReference; fileEncoding = 4; lastKnownFileType = sourcecode.swift; path = FTUPhoneNumberViewController.swift; sourceTree = "<group>"; };
		464F9B251EB7189C00C3DA70 /* FTUVerificationcodeViewController.swift */ = {isa = PBXFileReference; fileEncoding = 4; lastKnownFileType = sourcecode.swift; path = FTUVerificationcodeViewController.swift; sourceTree = "<group>"; };
		464F9B271EB718B000C3DA70 /* FTUFirstNameViewController.swift */ = {isa = PBXFileReference; fileEncoding = 4; lastKnownFileType = sourcecode.swift; path = FTUFirstNameViewController.swift; sourceTree = "<group>"; };
		67398F921EB6AC490046B5A6 /* SearchViewController.swift */ = {isa = PBXFileReference; fileEncoding = 4; lastKnownFileType = sourcecode.swift; path = SearchViewController.swift; sourceTree = "<group>"; };
		67398F941EB6AD7B0046B5A6 /* HomeViewController.swift */ = {isa = PBXFileReference; fileEncoding = 4; lastKnownFileType = sourcecode.swift; path = HomeViewController.swift; sourceTree = "<group>"; };
		67398F961EB6E64F0046B5A6 /* EventCell.swift */ = {isa = PBXFileReference; fileEncoding = 4; lastKnownFileType = sourcecode.swift; path = EventCell.swift; sourceTree = "<group>"; };
		67398F981EB6EBD80046B5A6 /* HamburgerViewController.swift */ = {isa = PBXFileReference; fileEncoding = 4; lastKnownFileType = sourcecode.swift; path = HamburgerViewController.swift; sourceTree = "<group>"; };
		67E030F21EC3F8BF005DA303 /* FTUViewController.swift */ = {isa = PBXFileReference; fileEncoding = 4; lastKnownFileType = sourcecode.swift; path = FTUViewController.swift; sourceTree = "<group>"; };
		67E030F41EC3F8F8005DA303 /* HDXApplication.swift */ = {isa = PBXFileReference; fileEncoding = 4; lastKnownFileType = sourcecode.swift; path = HDXApplication.swift; sourceTree = "<group>"; };
		67E030F61EC3F916005DA303 /* HDXClient.swift */ = {isa = PBXFileReference; fileEncoding = 4; lastKnownFileType = sourcecode.swift; path = HDXClient.swift; sourceTree = "<group>"; };
		67E030F81EC3F921005DA303 /* HDXProject.swift */ = {isa = PBXFileReference; fileEncoding = 4; lastKnownFileType = sourcecode.swift; path = HDXProject.swift; sourceTree = "<group>"; };
		67E4A5391EC8B98B001282DA /* ProjectCell.swift */ = {isa = PBXFileReference; fileEncoding = 4; lastKnownFileType = sourcecode.swift; path = ProjectCell.swift; sourceTree = "<group>"; };
		6B11DC37F04DBBD40ECA4FA3 /* Pods_Donaid.framework */ = {isa = PBXFileReference; explicitFileType = wrapper.framework; includeInIndex = 0; path = Pods_Donaid.framework; sourceTree = BUILT_PRODUCTS_DIR; };
		CF16C3DA1EAEF85200AAECD7 /* Donaid.app */ = {isa = PBXFileReference; explicitFileType = wrapper.application; includeInIndex = 0; path = Donaid.app; sourceTree = BUILT_PRODUCTS_DIR; };
		CF16C3DD1EAEF85200AAECD7 /* AppDelegate.swift */ = {isa = PBXFileReference; lastKnownFileType = sourcecode.swift; path = AppDelegate.swift; sourceTree = "<group>"; };
		CF16C3E21EAEF85200AAECD7 /* Base */ = {isa = PBXFileReference; lastKnownFileType = file.storyboard; name = Base; path = Base.lproj/Main.storyboard; sourceTree = "<group>"; };
		CF16C3E41EAEF85200AAECD7 /* Assets.xcassets */ = {isa = PBXFileReference; lastKnownFileType = folder.assetcatalog; path = Assets.xcassets; sourceTree = "<group>"; };
		CF16C3E71EAEF85200AAECD7 /* Base */ = {isa = PBXFileReference; lastKnownFileType = file.storyboard; name = Base; path = Base.lproj/LaunchScreen.storyboard; sourceTree = "<group>"; };
		CF16C3E91EAEF85200AAECD7 /* Info.plist */ = {isa = PBXFileReference; lastKnownFileType = text.plist.xml; path = Info.plist; sourceTree = "<group>"; };
		CFAEEE331EB68AD700CA7AD2 /* FTUCardNumberViewController.swift */ = {isa = PBXFileReference; fileEncoding = 4; lastKnownFileType = sourcecode.swift; path = FTUCardNumberViewController.swift; sourceTree = "<group>"; };
		CFAEEE351EB68B0100CA7AD2 /* FTUCardDetailsViewController.swift */ = {isa = PBXFileReference; fileEncoding = 4; lastKnownFileType = sourcecode.swift; path = FTUCardDetailsViewController.swift; sourceTree = "<group>"; };
		CFAEEE371EB68B2A00CA7AD2 /* FTUDonaidTagViewController.swift */ = {isa = PBXFileReference; fileEncoding = 4; lastKnownFileType = sourcecode.swift; path = FTUDonaidTagViewController.swift; sourceTree = "<group>"; };
		CFB0A1721EC428BA0048A75A /* PaymentViewController.swift */ = {isa = PBXFileReference; fileEncoding = 4; lastKnownFileType = sourcecode.swift; path = PaymentViewController.swift; sourceTree = "<group>"; };
		EC408D8CD0D18793C745B2A3 /* Pods-Donaid.debug.xcconfig */ = {isa = PBXFileReference; includeInIndex = 1; lastKnownFileType = text.xcconfig; name = "Pods-Donaid.debug.xcconfig"; path = "Pods/Target Support Files/Pods-Donaid/Pods-Donaid.debug.xcconfig"; sourceTree = "<group>"; };
/* End PBXFileReference section */

/* Begin PBXFrameworksBuildPhase section */
		CF16C3D71EAEF85100AAECD7 /* Frameworks */ = {
			isa = PBXFrameworksBuildPhase;
			buildActionMask = 2147483647;
			files = (
				A64D11BF5DA6D66F4013FD19 /* Pods_Donaid.framework in Frameworks */,
			);
			runOnlyForDeploymentPostprocessing = 0;
		};
/* End PBXFrameworksBuildPhase section */

/* Begin PBXGroup section */
		464F9B121EB70E0F00C3DA70 /* Models */ = {
			isa = PBXGroup;
			children = (
				67E030F81EC3F921005DA303 /* HDXProject.swift */,
				67E030F41EC3F8F8005DA303 /* HDXApplication.swift */,
				464F9B131EB70E4000C3DA70 /* User.swift */,
				464F9B151EB70E8900C3DA70 /* Issue.swift */,
				464F9B171EB70EAD00C3DA70 /* Organization.swift */,
				464F9B191EB70F0700C3DA70 /* PaymentInfo.swift */,
			);
			name = Models;
			sourceTree = "<group>";
		};
		464F9B1C1EB7116A00C3DA70 /* API */ = {
			isa = PBXGroup;
			children = (
				67E030F61EC3F916005DA303 /* HDXClient.swift */,
				464F9B1D1EB7119F00C3DA70 /* DonaidParse.swift */,
			);
			name = API;
			sourceTree = "<group>";
		};
		464F9B1F1EB7125500C3DA70 /* View Controllers */ = {
			isa = PBXGroup;
			children = (
				CFAEEE351EB68B0100CA7AD2 /* FTUCardDetailsViewController.swift */,
				CFAEEE371EB68B2A00CA7AD2 /* FTUDonaidTagViewController.swift */,
				CFAEEE331EB68AD700CA7AD2 /* FTUCardNumberViewController.swift */,
				464F9B231EB7186B00C3DA70 /* FTUPhoneNumberViewController.swift */,
				464F9B251EB7189C00C3DA70 /* FTUVerificationcodeViewController.swift */,
				464F9B271EB718B000C3DA70 /* FTUFirstNameViewController.swift */,
				67E030F21EC3F8BF005DA303 /* FTUViewController.swift */,
				CFB0A1721EC428BA0048A75A /* PaymentViewController.swift */,
			);
			name = "View Controllers";
			sourceTree = "<group>";
		};
		464F9B201EB7126100C3DA70 /* Views */ = {
			isa = PBXGroup;
			children = (
			);
			name = Views;
			sourceTree = "<group>";
		};
		4F88F95EEA73A5C187D216F7 /* Frameworks */ = {
			isa = PBXGroup;
			children = (
				6B11DC37F04DBBD40ECA4FA3 /* Pods_Donaid.framework */,
			);
			name = Frameworks;
			sourceTree = "<group>";
		};
		B3AC3AC21E2F21D69681E420 /* Pods */ = {
			isa = PBXGroup;
			children = (
				EC408D8CD0D18793C745B2A3 /* Pods-Donaid.debug.xcconfig */,
				09CEB9FACAA8141452FE3678 /* Pods-Donaid.release.xcconfig */,
			);
			name = Pods;
			sourceTree = "<group>";
		};
		CF16C3D11EAEF85100AAECD7 = {
			isa = PBXGroup;
			children = (
				CF16C3DC1EAEF85200AAECD7 /* Donaid */,
				CF16C3DB1EAEF85200AAECD7 /* Products */,
				B3AC3AC21E2F21D69681E420 /* Pods */,
				4F88F95EEA73A5C187D216F7 /* Frameworks */,
			);
			sourceTree = "<group>";
		};
		CF16C3DB1EAEF85200AAECD7 /* Products */ = {
			isa = PBXGroup;
			children = (
				CF16C3DA1EAEF85200AAECD7 /* Donaid.app */,
			);
			name = Products;
			sourceTree = "<group>";
		};
		CF16C3DC1EAEF85200AAECD7 /* Donaid */ = {
			isa = PBXGroup;
			children = (
				464F9B201EB7126100C3DA70 /* Views */,
				464F9B1F1EB7125500C3DA70 /* View Controllers */,
				464F9B1C1EB7116A00C3DA70 /* API */,
				464F9B121EB70E0F00C3DA70 /* Models */,
				CF16C3DD1EAEF85200AAECD7 /* AppDelegate.swift */,
				CF16C3E11EAEF85200AAECD7 /* Main.storyboard */,
				CF16C3E41EAEF85200AAECD7 /* Assets.xcassets */,
				CF16C3E61EAEF85200AAECD7 /* LaunchScreen.storyboard */,
				CF16C3E91EAEF85200AAECD7 /* Info.plist */,
				67398F921EB6AC490046B5A6 /* SearchViewController.swift */,
				67398F941EB6AD7B0046B5A6 /* HomeViewController.swift */,
				67398F961EB6E64F0046B5A6 /* EventCell.swift */,
				67398F981EB6EBD80046B5A6 /* HamburgerViewController.swift */,
				67E4A5391EC8B98B001282DA /* ProjectCell.swift */,
			);
			path = Donaid;
			sourceTree = "<group>";
		};
/* End PBXGroup section */

/* Begin PBXNativeTarget section */
		CF16C3D91EAEF85100AAECD7 /* Donaid */ = {
			isa = PBXNativeTarget;
			buildConfigurationList = CF16C3EC1EAEF85200AAECD7 /* Build configuration list for PBXNativeTarget "Donaid" */;
			buildPhases = (
				023C6B7C7154E48E6E616DCC /* [CP] Check Pods Manifest.lock */,
				CF16C3D61EAEF85100AAECD7 /* Sources */,
				CF16C3D71EAEF85100AAECD7 /* Frameworks */,
				CF16C3D81EAEF85100AAECD7 /* Resources */,
				A20843AFCB4F3A4E018A901F /* [CP] Embed Pods Frameworks */,
				0310BB98AF76A2BA07B0B30C /* [CP] Copy Pods Resources */,
			);
			buildRules = (
			);
			dependencies = (
			);
			name = Donaid;
			productName = Donaid;
			productReference = CF16C3DA1EAEF85200AAECD7 /* Donaid.app */;
			productType = "com.apple.product-type.application";
		};
/* End PBXNativeTarget section */

/* Begin PBXProject section */
		CF16C3D21EAEF85100AAECD7 /* Project object */ = {
			isa = PBXProject;
			attributes = {
				LastSwiftUpdateCheck = 0830;
				LastUpgradeCheck = 0830;
				ORGANIZATIONNAME = "Donaid Codepath";
				TargetAttributes = {
					CF16C3D91EAEF85100AAECD7 = {
						CreatedOnToolsVersion = 8.3;
						ProvisioningStyle = Automatic;
					};
				};
			};
			buildConfigurationList = CF16C3D51EAEF85100AAECD7 /* Build configuration list for PBXProject "Donaid" */;
			compatibilityVersion = "Xcode 3.2";
			developmentRegion = English;
			hasScannedForEncodings = 0;
			knownRegions = (
				en,
				Base,
			);
			mainGroup = CF16C3D11EAEF85100AAECD7;
			productRefGroup = CF16C3DB1EAEF85200AAECD7 /* Products */;
			projectDirPath = "";
			projectRoot = "";
			targets = (
				CF16C3D91EAEF85100AAECD7 /* Donaid */,
			);
		};
/* End PBXProject section */

/* Begin PBXResourcesBuildPhase section */
		CF16C3D81EAEF85100AAECD7 /* Resources */ = {
			isa = PBXResourcesBuildPhase;
			buildActionMask = 2147483647;
			files = (
				CF16C3E81EAEF85200AAECD7 /* LaunchScreen.storyboard in Resources */,
				CF16C3E51EAEF85200AAECD7 /* Assets.xcassets in Resources */,
				CF16C3E31EAEF85200AAECD7 /* Main.storyboard in Resources */,
			);
			runOnlyForDeploymentPostprocessing = 0;
		};
/* End PBXResourcesBuildPhase section */

/* Begin PBXShellScriptBuildPhase section */
		023C6B7C7154E48E6E616DCC /* [CP] Check Pods Manifest.lock */ = {
			isa = PBXShellScriptBuildPhase;
			buildActionMask = 2147483647;
			files = (
			);
			inputPaths = (
			);
			name = "[CP] Check Pods Manifest.lock";
			outputPaths = (
			);
			runOnlyForDeploymentPostprocessing = 0;
			shellPath = /bin/sh;
			shellScript = "diff \"${PODS_ROOT}/../Podfile.lock\" \"${PODS_ROOT}/Manifest.lock\" > /dev/null\nif [ $? != 0 ] ; then\n    # print error to STDERR\n    echo \"error: The sandbox is not in sync with the Podfile.lock. Run 'pod install' or update your CocoaPods installation.\" >&2\n    exit 1\nfi\n";
			showEnvVarsInLog = 0;
		};
		0310BB98AF76A2BA07B0B30C /* [CP] Copy Pods Resources */ = {
			isa = PBXShellScriptBuildPhase;
			buildActionMask = 2147483647;
			files = (
			);
			inputPaths = (
			);
			name = "[CP] Copy Pods Resources";
			outputPaths = (
			);
			runOnlyForDeploymentPostprocessing = 0;
			shellPath = /bin/sh;
			shellScript = "\"${SRCROOT}/Pods/Target Support Files/Pods-Donaid/Pods-Donaid-resources.sh\"\n";
			showEnvVarsInLog = 0;
		};
		A20843AFCB4F3A4E018A901F /* [CP] Embed Pods Frameworks */ = {
			isa = PBXShellScriptBuildPhase;
			buildActionMask = 2147483647;
			files = (
			);
			inputPaths = (
			);
			name = "[CP] Embed Pods Frameworks";
			outputPaths = (
			);
			runOnlyForDeploymentPostprocessing = 0;
			shellPath = /bin/sh;
			shellScript = "\"${SRCROOT}/Pods/Target Support Files/Pods-Donaid/Pods-Donaid-frameworks.sh\"\n";
			showEnvVarsInLog = 0;
		};
/* End PBXShellScriptBuildPhase section */

/* Begin PBXSourcesBuildPhase section */
		CF16C3D61EAEF85100AAECD7 /* Sources */ = {
			isa = PBXSourcesBuildPhase;
			buildActionMask = 2147483647;
			files = (
				464F9B241EB7186B00C3DA70 /* FTUPhoneNumberViewController.swift in Sources */,
				67E4A53A1EC8B98B001282DA /* ProjectCell.swift in Sources */,
				67E030F31EC3F8BF005DA303 /* FTUViewController.swift in Sources */,
				464F9B1E1EB7119F00C3DA70 /* DonaidParse.swift in Sources */,
				CFAEEE361EB68B0100CA7AD2 /* FTUCardDetailsViewController.swift in Sources */,
				464F9B261EB7189C00C3DA70 /* FTUVerificationcodeViewController.swift in Sources */,
				464F9B281EB718B000C3DA70 /* FTUFirstNameViewController.swift in Sources */,
				464F9B161EB70E8900C3DA70 /* Issue.swift in Sources */,
				CFB0A1731EC428BA0048A75A /* PaymentViewController.swift in Sources */,
				464F9B181EB70EAD00C3DA70 /* Organization.swift in Sources */,
				464F9B1A1EB70F0700C3DA70 /* PaymentInfo.swift in Sources */,
				67E030F71EC3F916005DA303 /* HDXClient.swift in Sources */,
				464F9B141EB70E4000C3DA70 /* User.swift in Sources */,
				CFAEEE381EB68B2A00CA7AD2 /* FTUDonaidTagViewController.swift in Sources */,
				67E030F51EC3F8F8005DA303 /* HDXApplication.swift in Sources */,
				67398F991EB6EBD80046B5A6 /* HamburgerViewController.swift in Sources */,
				67E030F91EC3F921005DA303 /* HDXProject.swift in Sources */,
				67398F931EB6AC490046B5A6 /* SearchViewController.swift in Sources */,
				67398F971EB6E64F0046B5A6 /* EventCell.swift in Sources */,
				CF16C3DE1EAEF85200AAECD7 /* AppDelegate.swift in Sources */,
				CFAEEE341EB68AD700CA7AD2 /* FTUCardNumberViewController.swift in Sources */,
				67398F951EB6AD7B0046B5A6 /* HomeViewController.swift in Sources */,
			);
			runOnlyForDeploymentPostprocessing = 0;
		};
/* End PBXSourcesBuildPhase section */

/* Begin PBXVariantGroup section */
		CF16C3E11EAEF85200AAECD7 /* Main.storyboard */ = {
			isa = PBXVariantGroup;
			children = (
				CF16C3E21EAEF85200AAECD7 /* Base */,
			);
			name = Main.storyboard;
			sourceTree = "<group>";
		};
		CF16C3E61EAEF85200AAECD7 /* LaunchScreen.storyboard */ = {
			isa = PBXVariantGroup;
			children = (
				CF16C3E71EAEF85200AAECD7 /* Base */,
			);
			name = LaunchScreen.storyboard;
			sourceTree = "<group>";
		};
/* End PBXVariantGroup section */

/* Begin XCBuildConfiguration section */
		CF16C3EA1EAEF85200AAECD7 /* Debug */ = {
			isa = XCBuildConfiguration;
			buildSettings = {
				ALWAYS_SEARCH_USER_PATHS = NO;
				CLANG_ANALYZER_NONNULL = YES;
				CLANG_ANALYZER_NUMBER_OBJECT_CONVERSION = YES_AGGRESSIVE;
				CLANG_CXX_LANGUAGE_STANDARD = "gnu++0x";
				CLANG_CXX_LIBRARY = "libc++";
				CLANG_ENABLE_MODULES = YES;
				CLANG_ENABLE_OBJC_ARC = YES;
				CLANG_WARN_BOOL_CONVERSION = YES;
				CLANG_WARN_CONSTANT_CONVERSION = YES;
				CLANG_WARN_DIRECT_OBJC_ISA_USAGE = YES_ERROR;
				CLANG_WARN_DOCUMENTATION_COMMENTS = YES;
				CLANG_WARN_EMPTY_BODY = YES;
				CLANG_WARN_ENUM_CONVERSION = YES;
				CLANG_WARN_INFINITE_RECURSION = YES;
				CLANG_WARN_INT_CONVERSION = YES;
				CLANG_WARN_OBJC_ROOT_CLASS = YES_ERROR;
				CLANG_WARN_SUSPICIOUS_MOVE = YES;
				CLANG_WARN_UNREACHABLE_CODE = YES;
				CLANG_WARN__DUPLICATE_METHOD_MATCH = YES;
				"CODE_SIGN_IDENTITY[sdk=iphoneos*]" = "iPhone Developer";
				COPY_PHASE_STRIP = NO;
				DEBUG_INFORMATION_FORMAT = dwarf;
				ENABLE_STRICT_OBJC_MSGSEND = YES;
				ENABLE_TESTABILITY = YES;
				GCC_C_LANGUAGE_STANDARD = gnu99;
				GCC_DYNAMIC_NO_PIC = NO;
				GCC_NO_COMMON_BLOCKS = YES;
				GCC_OPTIMIZATION_LEVEL = 0;
				GCC_PREPROCESSOR_DEFINITIONS = (
					"DEBUG=1",
					"$(inherited)",
				);
				GCC_WARN_64_TO_32_BIT_CONVERSION = YES;
				GCC_WARN_ABOUT_RETURN_TYPE = YES_ERROR;
				GCC_WARN_UNDECLARED_SELECTOR = YES;
				GCC_WARN_UNINITIALIZED_AUTOS = YES_AGGRESSIVE;
				GCC_WARN_UNUSED_FUNCTION = YES;
				GCC_WARN_UNUSED_VARIABLE = YES;
				IPHONEOS_DEPLOYMENT_TARGET = 10.3;
				MTL_ENABLE_DEBUG_INFO = YES;
				ONLY_ACTIVE_ARCH = YES;
				SDKROOT = iphoneos;
				SWIFT_ACTIVE_COMPILATION_CONDITIONS = DEBUG;
				SWIFT_OPTIMIZATION_LEVEL = "-Onone";
				TARGETED_DEVICE_FAMILY = "1,2";
			};
			name = Debug;
		};
		CF16C3EB1EAEF85200AAECD7 /* Release */ = {
			isa = XCBuildConfiguration;
			buildSettings = {
				ALWAYS_SEARCH_USER_PATHS = NO;
				CLANG_ANALYZER_NONNULL = YES;
				CLANG_ANALYZER_NUMBER_OBJECT_CONVERSION = YES_AGGRESSIVE;
				CLANG_CXX_LANGUAGE_STANDARD = "gnu++0x";
				CLANG_CXX_LIBRARY = "libc++";
				CLANG_ENABLE_MODULES = YES;
				CLANG_ENABLE_OBJC_ARC = YES;
				CLANG_WARN_BOOL_CONVERSION = YES;
				CLANG_WARN_CONSTANT_CONVERSION = YES;
				CLANG_WARN_DIRECT_OBJC_ISA_USAGE = YES_ERROR;
				CLANG_WARN_DOCUMENTATION_COMMENTS = YES;
				CLANG_WARN_EMPTY_BODY = YES;
				CLANG_WARN_ENUM_CONVERSION = YES;
				CLANG_WARN_INFINITE_RECURSION = YES;
				CLANG_WARN_INT_CONVERSION = YES;
				CLANG_WARN_OBJC_ROOT_CLASS = YES_ERROR;
				CLANG_WARN_SUSPICIOUS_MOVE = YES;
				CLANG_WARN_UNREACHABLE_CODE = YES;
				CLANG_WARN__DUPLICATE_METHOD_MATCH = YES;
				"CODE_SIGN_IDENTITY[sdk=iphoneos*]" = "iPhone Developer";
				COPY_PHASE_STRIP = NO;
				DEBUG_INFORMATION_FORMAT = "dwarf-with-dsym";
				ENABLE_NS_ASSERTIONS = NO;
				ENABLE_STRICT_OBJC_MSGSEND = YES;
				GCC_C_LANGUAGE_STANDARD = gnu99;
				GCC_NO_COMMON_BLOCKS = YES;
				GCC_WARN_64_TO_32_BIT_CONVERSION = YES;
				GCC_WARN_ABOUT_RETURN_TYPE = YES_ERROR;
				GCC_WARN_UNDECLARED_SELECTOR = YES;
				GCC_WARN_UNINITIALIZED_AUTOS = YES_AGGRESSIVE;
				GCC_WARN_UNUSED_FUNCTION = YES;
				GCC_WARN_UNUSED_VARIABLE = YES;
				IPHONEOS_DEPLOYMENT_TARGET = 10.3;
				MTL_ENABLE_DEBUG_INFO = NO;
				SDKROOT = iphoneos;
				SWIFT_OPTIMIZATION_LEVEL = "-Owholemodule";
				TARGETED_DEVICE_FAMILY = "1,2";
				VALIDATE_PRODUCT = YES;
			};
			name = Release;
		};
		CF16C3ED1EAEF85200AAECD7 /* Debug */ = {
			isa = XCBuildConfiguration;
			baseConfigurationReference = EC408D8CD0D18793C745B2A3 /* Pods-Donaid.debug.xcconfig */;
			buildSettings = {
				ASSETCATALOG_COMPILER_APPICON_NAME = AppIcon;
				INFOPLIST_FILE = Donaid/Info.plist;
				IPHONEOS_DEPLOYMENT_TARGET = 8.3;
				LD_RUNPATH_SEARCH_PATHS = "$(inherited) @executable_path/Frameworks";
				PRODUCT_BUNDLE_IDENTIFIER = com.codepath.Donaid;
				PRODUCT_NAME = "$(TARGET_NAME)";
				SWIFT_VERSION = 3.0;
				TARGETED_DEVICE_FAMILY = 1;
			};
			name = Debug;
		};
		CF16C3EE1EAEF85200AAECD7 /* Release */ = {
			isa = XCBuildConfiguration;
			baseConfigurationReference = 09CEB9FACAA8141452FE3678 /* Pods-Donaid.release.xcconfig */;
			buildSettings = {
				ASSETCATALOG_COMPILER_APPICON_NAME = AppIcon;
				INFOPLIST_FILE = Donaid/Info.plist;
				IPHONEOS_DEPLOYMENT_TARGET = 8.3;
				LD_RUNPATH_SEARCH_PATHS = "$(inherited) @executable_path/Frameworks";
				PRODUCT_BUNDLE_IDENTIFIER = com.codepath.Donaid;
				PRODUCT_NAME = "$(TARGET_NAME)";
				SWIFT_VERSION = 3.0;
				TARGETED_DEVICE_FAMILY = 1;
			};
			name = Release;
		};
/* End XCBuildConfiguration section */

/* Begin XCConfigurationList section */
		CF16C3D51EAEF85100AAECD7 /* Build configuration list for PBXProject "Donaid" */ = {
			isa = XCConfigurationList;
			buildConfigurations = (
				CF16C3EA1EAEF85200AAECD7 /* Debug */,
				CF16C3EB1EAEF85200AAECD7 /* Release */,
			);
			defaultConfigurationIsVisible = 0;
			defaultConfigurationName = Release;
		};
		CF16C3EC1EAEF85200AAECD7 /* Build configuration list for PBXNativeTarget "Donaid" */ = {
			isa = XCConfigurationList;
			buildConfigurations = (
				CF16C3ED1EAEF85200AAECD7 /* Debug */,
				CF16C3EE1EAEF85200AAECD7 /* Release */,
			);
			defaultConfigurationIsVisible = 0;
			defaultConfigurationName = Release;
		};
/* End XCConfigurationList section */
	};
	rootObject = CF16C3D21EAEF85100AAECD7 /* Project object */;
}
